
Microsoft Visual Studio Solution File, Format Version 12.00
# Visual Studio Version 17
VisualStudioVersion = 17.11.35222.181
MinimumVisualStudioVersion = 10.0.40219.1
Project("{FAE04EC0-301F-11D3-BF4B-00C04F79EFBC}") = "Collections", "Collections.csproj", "{744805EB-208F-4241-AE0B-457241682F6B}"
EndProject
Global
	GlobalSection(SolutionConfigurationPlatforms) = preSolution
		Debug|Any CPU = Debug|Any CPU
		Release|Any CPU = Release|Any CPU
	EndGlobalSection
	GlobalSection(ProjectConfigurationPlatforms) = postSolution
		{744805EB-208F-4241-AE0B-457241682F6B}.Debug|Any CPU.ActiveCfg = Debug|Any CPU
		{744805EB-208F-4241-AE0B-457241682F6B}.Debug|Any CPU.Build.0 = Debug|Any CPU
		{744805EB-208F-4241-AE0B-457241682F6B}.Release|Any CPU.ActiveCfg = Release|Any CPU
		{744805EB-208F-4241-AE0B-457241682F6B}.Release|Any CPU.Build.0 = Release|Any CPU
	EndGlobalSection
	GlobalSection(SolutionProperties) = preSolution
		HideSolutionNode = FALSE
	EndGlobalSection
	GlobalSection(ExtensibilityGlobals) = postSolution
		SolutionGuid = {64331C97-4FE4-4699-96A2-672D7629BB5A}
	EndGlobalSection
EndGlobal
