
Microsoft Visual Studio Solution File, Format Version 12.00
# Visual Studio Version 17
VisualStudioVersion = 17.11.35222.181
MinimumVisualStudioVersion = 10.0.40219.1
Project("{FAE04EC0-301F-11D3-BF4B-00C04F79EFBC}") = "Game", "Game.csproj", "{77FB6C26-01F8-4958-8A0F-134F1FD0ECA6}"
EndProject
Global
	GlobalSection(SolutionConfigurationPlatforms) = preSolution
		Debug|Any CPU = Debug|Any CPU
		Release|Any CPU = Release|Any CPU
	EndGlobalSection
	GlobalSection(ProjectConfigurationPlatforms) = postSolution
		{77FB6C26-01F8-4958-8A0F-134F1FD0ECA6}.Debug|Any CPU.ActiveCfg = Debug|Any CPU
		{77FB6C26-01F8-4958-8A0F-134F1FD0ECA6}.Debug|Any CPU.Build.0 = Debug|Any CPU
		{77FB6C26-01F8-4958-8A0F-134F1FD0ECA6}.Release|Any CPU.ActiveCfg = Release|Any CPU
		{77FB6C26-01F8-4958-8A0F-134F1FD0ECA6}.Release|Any CPU.Build.0 = Release|Any CPU
	EndGlobalSection
	GlobalSection(SolutionProperties) = preSolution
		HideSolutionNode = FALSE
	EndGlobalSection
	GlobalSection(ExtensibilityGlobals) = postSolution
		SolutionGuid = {E0B6AA2C-A72A-4FA6-8C95-BAB90F33B8CA}
	EndGlobalSection
EndGlobal
