
Microsoft Visual Studio Solution File, Format Version 12.00
# Visual Studio Version 17
VisualStudioVersion = 17.11.35222.181
MinimumVisualStudioVersion = 10.0.40219.1
Project("{FAE04EC0-301F-11D3-BF4B-00C04F79EFBC}") = "Cycle", "Cycle.csproj", "{B96C0B34-6969-4348-B098-C8F07A8A5817}"
EndProject
Global
	GlobalSection(SolutionConfigurationPlatforms) = preSolution
		Debug|Any CPU = Debug|Any CPU
		Release|Any CPU = Release|Any CPU
	EndGlobalSection
	GlobalSection(ProjectConfigurationPlatforms) = postSolution
		{B96C0B34-6969-4348-B098-C8F07A8A5817}.Debug|Any CPU.ActiveCfg = Debug|Any CPU
		{B96C0B34-6969-4348-B098-C8F07A8A5817}.Debug|Any CPU.Build.0 = Debug|Any CPU
		{B96C0B34-6969-4348-B098-C8F07A8A5817}.Release|Any CPU.ActiveCfg = Release|Any CPU
		{B96C0B34-6969-4348-B098-C8F07A8A5817}.Release|Any CPU.Build.0 = Release|Any CPU
	EndGlobalSection
	GlobalSection(SolutionProperties) = preSolution
		HideSolutionNode = FALSE
	EndGlobalSection
	GlobalSection(ExtensibilityGlobals) = postSolution
		SolutionGuid = {4C27693D-1537-4EB3-8FB4-51EE82383168}
	EndGlobalSection
EndGlobal
